
Microsoft Visual Studio Solution File, Format Version 12.00
# Visual Studio 15
VisualStudioVersion = 15.0.28010.2050
MinimumVisualStudioVersion = 10.0.40219.1
Project("{FAE04EC0-301F-11D3-BF4B-00C04F79EFBC}") = "WebApplication1", "WebApplication1\WebApplication1.csproj", "{D93FB592-22DA-4FEA-84AC-773F11E7C086}"
EndProject
Global
	GlobalSection(SolutionConfigurationPlatforms) = preSolution
		Debug|Any CPU = Debug|Any CPU
		Release|Any CPU = Release|Any CPU
	EndGlobalSection
	GlobalSection(ProjectConfigurationPlatforms) = postSolution
		{D93FB592-22DA-4FEA-84AC-773F11E7C086}.Debug|Any CPU.ActiveCfg = Debug|Any CPU
		{D93FB592-22DA-4FEA-84AC-773F11E7C086}.Debug|Any CPU.Build.0 = Debug|Any CPU
		{D93FB592-22DA-4FEA-84AC-773F11E7C086}.Release|Any CPU.ActiveCfg = Release|Any CPU
		{D93FB592-22DA-4FEA-84AC-773F11E7C086}.Release|Any CPU.Build.0 = Release|Any CPU
	EndGlobalSection
	GlobalSection(SolutionProperties) = preSolution
		HideSolutionNode = FALSE
	EndGlobalSection
	GlobalSection(ExtensibilityGlobals) = postSolution
		SolutionGuid = {8C7A7CA3-455F-476E-9EA4-27CBD71E073C}
	EndGlobalSection
EndGlobal
